
Microsoft Visual Studio Solution File, Format Version 12.00
# Visual Studio Version 17
VisualStudioVersion = 17.4.33103.184
MinimumVisualStudioVersion = 10.0.40219.1
Project("{FAE04EC0-301F-11D3-BF4B-00C04F79EFBC}") = "GestãoDeClientes", "GestãoDeClientes\GestãoDeClientes.csproj", "{A632DF6F-0CC1-4DAC-BD86-E510A57C1382}"
EndProject
Global
	GlobalSection(SolutionConfigurationPlatforms) = preSolution
		Debug|Any CPU = Debug|Any CPU
		Release|Any CPU = Release|Any CPU
	EndGlobalSection
	GlobalSection(ProjectConfigurationPlatforms) = postSolution
		{A632DF6F-0CC1-4DAC-BD86-E510A57C1382}.Debug|Any CPU.ActiveCfg = Debug|Any CPU
		{A632DF6F-0CC1-4DAC-BD86-E510A57C1382}.Debug|Any CPU.Build.0 = Debug|Any CPU
		{A632DF6F-0CC1-4DAC-BD86-E510A57C1382}.Release|Any CPU.ActiveCfg = Release|Any CPU
		{A632DF6F-0CC1-4DAC-BD86-E510A57C1382}.Release|Any CPU.Build.0 = Release|Any CPU
	EndGlobalSection
	GlobalSection(SolutionProperties) = preSolution
		HideSolutionNode = FALSE
	EndGlobalSection
	GlobalSection(ExtensibilityGlobals) = postSolution
		SolutionGuid = {9C83D1C5-9B53-4623-A6A5-4468C9D1BEA1}
	EndGlobalSection
EndGlobal
